// !$*UTF8*$!
{
	archiveVersion = 1;
	classes = {
	};
	objectVersion = 46;
	objects = {

/* Begin PBXBuildFile section */
		00E356F31AD99517003FC87E /* VimAppTests.m in Sources */ = {isa = PBXBuildFile; fileRef = 00E356F21AD99517003FC87E /* VimAppTests.m */; };
		0970FF985A2948E699CB7240 /* Foundation.ttf in Resources */ = {isa = PBXBuildFile; fileRef = 1781985C79904630ABF2E38A /* Foundation.ttf */; };
		13B07FBC1A68108700A75B9A /* AppDelegate.m in Sources */ = {isa = PBXBuildFile; fileRef = 13B07FB01A68108700A75B9A /* AppDelegate.m */; };
		13B07FBD1A68108700A75B9A /* LaunchScreen.xib in Resources */ = {isa = PBXBuildFile; fileRef = 13B07FB11A68108700A75B9A /* LaunchScreen.xib */; };
		13B07FBF1A68108700A75B9A /* Images.xcassets in Resources */ = {isa = PBXBuildFile; fileRef = 13B07FB51A68108700A75B9A /* Images.xcassets */; };
		13B07FC11A68108700A75B9A /* main.m in Sources */ = {isa = PBXBuildFile; fileRef = 13B07FB71A68108700A75B9A /* main.m */; };
		17C448B2F0734A7D87CC3550 /* MaterialIcons.ttf in Resources */ = {isa = PBXBuildFile; fileRef = 09F5620E55324D628794ED0E /* MaterialIcons.ttf */; };
		1A8D8F6B5F1B44399632CBD2 /* EvilIcons.ttf in Resources */ = {isa = PBXBuildFile; fileRef = FB574E2D981E4F5C80EA64DD /* EvilIcons.ttf */; };
		487305EA578545338503D175 /* Entypo.ttf in Resources */ = {isa = PBXBuildFile; fileRef = 1F0C5507919644A2A9B6BD46 /* Entypo.ttf */; };
		55A39E1C96B1409A8B516FEF /* Zocial.ttf in Resources */ = {isa = PBXBuildFile; fileRef = BA97E3A77AE842508473C4F0 /* Zocial.ttf */; };
		55FB2166261F4204B5DC1512 /* FontAwesome.ttf in Resources */ = {isa = PBXBuildFile; fileRef = F326E7CBC3A14E108A064C87 /* FontAwesome.ttf */; };
		8726FC371CE8B1D900157D69 /* Mapbox.framework in Frameworks */ = {isa = PBXBuildFile; fileRef = 8726FC361CE8B1D900157D69 /* Mapbox.framework */; };
		8726FC381CE8B1D900157D69 /* Mapbox.framework in Embed Frameworks */ = {isa = PBXBuildFile; fileRef = 8726FC361CE8B1D900157D69 /* Mapbox.framework */; settings = {ATTRIBUTES = (CodeSignOnCopy, RemoveHeadersOnCopy, ); }; };
		8726FC451CE8B30D00157D69 /* libRCTMapboxGL.a in Frameworks */ = {isa = PBXBuildFile; fileRef = 8726FC331CE8B1A600157D69 /* libRCTMapboxGL.a */; };
		8761D0131D86E0410059EB1C /* libReactNativeControllers.a in Frameworks */ = {isa = PBXBuildFile; fileRef = 8761D0111D86DFF50059EB1C /* libReactNativeControllers.a */; };
		9A39A43962F22ED654DC6DB5 /* libPods-VimApp.a in Frameworks */ = {isa = PBXBuildFile; fileRef = 79132203D6D6AD4E0F43368B /* libPods-VimApp.a */; };
		A13A17927E23400C90E59736 /* Octicons.ttf in Resources */ = {isa = PBXBuildFile; fileRef = CB79E06D75E14EA4918E44F0 /* Octicons.ttf */; };
		E75F9E9344A24A6A95251B71 /* libRCTMapboxGL.a in Frameworks */ = {isa = PBXBuildFile; fileRef = 03080544C79240B9B1679450 /* libRCTMapboxGL.a */; };
		EE91C3E2688E499E8DFFC3F6 /* Ionicons.ttf in Resources */ = {isa = PBXBuildFile; fileRef = 8E2EF3250AAD49FF8AE90FEA /* Ionicons.ttf */; };
		F6357CE55EDA4D60A28BD618 /* libRNVectorIcons.a in Frameworks */ = {isa = PBXBuildFile; fileRef = 4C0DBFD5DC28438A8806D078 /* libRNVectorIcons.a */; };
/* End PBXBuildFile section */

/* Begin PBXContainerItemProxy section */
		00E356F41AD99517003FC87E /* PBXContainerItemProxy */ = {
			isa = PBXContainerItemProxy;
			containerPortal = 83CBB9F71A601CBA00E9B192 /* Project object */;
			proxyType = 1;
			remoteGlobalIDString = 13B07F861A680F5B00A75B9A;
			remoteInfo = VimApp;
		};
		870321B41CEF1AAC0016A3FD /* PBXContainerItemProxy */ = {
			isa = PBXContainerItemProxy;
			containerPortal = 63D9F76A5962487CAC76DA2E /* RCTMapboxGL.xcodeproj */;
			proxyType = 2;
			remoteGlobalIDString = C5DBB3401AF2EF2B00E611A9;
			remoteInfo = RCTMapboxGL;
		};
		870321B61CEF1AAC0016A3FD /* PBXContainerItemProxy */ = {
			isa = PBXContainerItemProxy;
			containerPortal = 63D9F76A5962487CAC76DA2E /* RCTMapboxGL.xcodeproj */;
			proxyType = 2;
			remoteGlobalIDString = C5DBB34B1AF2EF2B00E611A9;
			remoteInfo = RCTMapboxGLTests;
		};
		870321B91CEF1AAC0016A3FD /* PBXContainerItemProxy */ = {
			isa = PBXContainerItemProxy;
			containerPortal = 43222A8D797744D9AE10D21A /* RNVectorIcons.xcodeproj */;
			proxyType = 2;
			remoteGlobalIDString = 5DBEB1501B18CEA900B34395;
			remoteInfo = RNVectorIcons;
		};
		8726FC321CE8B1A600157D69 /* PBXContainerItemProxy */ = {
			isa = PBXContainerItemProxy;
			containerPortal = 8726FC2D1CE8B1A500157D69 /* RCTMapboxGL.xcodeproj */;
			proxyType = 2;
			remoteGlobalIDString = C5DBB3401AF2EF2B00E611A9;
			remoteInfo = RCTMapboxGL;
		};
		8726FC341CE8B1A600157D69 /* PBXContainerItemProxy */ = {
			isa = PBXContainerItemProxy;
			containerPortal = 8726FC2D1CE8B1A500157D69 /* RCTMapboxGL.xcodeproj */;
			proxyType = 2;
			remoteGlobalIDString = C5DBB34B1AF2EF2B00E611A9;
			remoteInfo = RCTMapboxGLTests;
		};
		8761D0101D86DFF50059EB1C /* PBXContainerItemProxy */ = {
			isa = PBXContainerItemProxy;
			containerPortal = 8761D0081D86DFF50059EB1C /* ReactNativeControllers.xcodeproj */;
			proxyType = 2;
			remoteGlobalIDString = D8AFADBD1BEE6F3F00A4592D;
			remoteInfo = ReactNativeControllers;
		};
/* End PBXContainerItemProxy section */

/* Begin PBXCopyFilesBuildPhase section */
		8726FC391CE8B1DA00157D69 /* Embed Frameworks */ = {
			isa = PBXCopyFilesBuildPhase;
			buildActionMask = 2147483647;
			dstPath = "";
			dstSubfolderSpec = 10;
			files = (
				8726FC381CE8B1D900157D69 /* Mapbox.framework in Embed Frameworks */,
			);
			name = "Embed Frameworks";
			runOnlyForDeploymentPostprocessing = 0;
		};
/* End PBXCopyFilesBuildPhase section */

/* Begin PBXFileReference section */
		008F07F21AC5B25A0029DE68 /* main.jsbundle */ = {isa = PBXFileReference; fileEncoding = 4; lastKnownFileType = text; path = main.jsbundle; sourceTree = "<group>"; };
		00E356EE1AD99517003FC87E /* VimAppTests.xctest */ = {isa = PBXFileReference; explicitFileType = wrapper.cfbundle; includeInIndex = 0; path = VimAppTests.xctest; sourceTree = BUILT_PRODUCTS_DIR; };
		00E356F11AD99517003FC87E /* Info.plist */ = {isa = PBXFileReference; lastKnownFileType = text.plist.xml; path = Info.plist; sourceTree = "<group>"; };
		00E356F21AD99517003FC87E /* VimAppTests.m */ = {isa = PBXFileReference; lastKnownFileType = sourcecode.c.objc; path = VimAppTests.m; sourceTree = "<group>"; };
		03080544C79240B9B1679450 /* libRCTMapboxGL.a */ = {isa = PBXFileReference; explicitFileType = undefined; fileEncoding = 9; includeInIndex = 0; lastKnownFileType = archive.ar; path = libRCTMapboxGL.a; sourceTree = "<group>"; };
		09F5620E55324D628794ED0E /* MaterialIcons.ttf */ = {isa = PBXFileReference; explicitFileType = undefined; fileEncoding = 9; includeInIndex = 0; lastKnownFileType = unknown; name = MaterialIcons.ttf; path = "../node_modules/react-native-vector-icons/Fonts/MaterialIcons.ttf"; sourceTree = "<group>"; };
		13B07F961A680F5B00A75B9A /* VimApp.app */ = {isa = PBXFileReference; explicitFileType = wrapper.application; includeInIndex = 0; path = VimApp.app; sourceTree = BUILT_PRODUCTS_DIR; };
		13B07FAF1A68108700A75B9A /* AppDelegate.h */ = {isa = PBXFileReference; fileEncoding = 4; lastKnownFileType = sourcecode.c.h; name = AppDelegate.h; path = VimApp/AppDelegate.h; sourceTree = "<group>"; };
		13B07FB01A68108700A75B9A /* AppDelegate.m */ = {isa = PBXFileReference; fileEncoding = 4; lastKnownFileType = sourcecode.c.objc; name = AppDelegate.m; path = VimApp/AppDelegate.m; sourceTree = "<group>"; };
		13B07FB21A68108700A75B9A /* Base */ = {isa = PBXFileReference; lastKnownFileType = file.xib; name = Base; path = Base.lproj/LaunchScreen.xib; sourceTree = "<group>"; };
		13B07FB51A68108700A75B9A /* Images.xcassets */ = {isa = PBXFileReference; lastKnownFileType = folder.assetcatalog; name = Images.xcassets; path = VimApp/Images.xcassets; sourceTree = "<group>"; };
		13B07FB61A68108700A75B9A /* Info.plist */ = {isa = PBXFileReference; fileEncoding = 4; lastKnownFileType = text.plist.xml; name = Info.plist; path = VimApp/Info.plist; sourceTree = "<group>"; };
		13B07FB71A68108700A75B9A /* main.m */ = {isa = PBXFileReference; fileEncoding = 4; lastKnownFileType = sourcecode.c.objc; name = main.m; path = VimApp/main.m; sourceTree = "<group>"; };
		1781985C79904630ABF2E38A /* Foundation.ttf */ = {isa = PBXFileReference; explicitFileType = undefined; fileEncoding = 9; includeInIndex = 0; lastKnownFileType = unknown; name = Foundation.ttf; path = "../node_modules/react-native-vector-icons/Fonts/Foundation.ttf"; sourceTree = "<group>"; };
		1F0C5507919644A2A9B6BD46 /* Entypo.ttf */ = {isa = PBXFileReference; explicitFileType = undefined; fileEncoding = 9; includeInIndex = 0; lastKnownFileType = unknown; name = Entypo.ttf; path = "../node_modules/react-native-vector-icons/Fonts/Entypo.ttf"; sourceTree = "<group>"; };
		43222A8D797744D9AE10D21A /* RNVectorIcons.xcodeproj */ = {isa = PBXFileReference; explicitFileType = undefined; fileEncoding = 9; includeInIndex = 0; lastKnownFileType = "wrapper.pb-project"; name = RNVectorIcons.xcodeproj; path = "../node_modules/react-native-vector-icons/RNVectorIcons.xcodeproj"; sourceTree = "<group>"; };
		4C0DBFD5DC28438A8806D078 /* libRNVectorIcons.a */ = {isa = PBXFileReference; explicitFileType = undefined; fileEncoding = 9; includeInIndex = 0; lastKnownFileType = archive.ar; path = libRNVectorIcons.a; sourceTree = "<group>"; };
		574D5851D222DA2A1B4D6F0B /* Pods-VimApp.release.xcconfig */ = {isa = PBXFileReference; includeInIndex = 1; lastKnownFileType = text.xcconfig; name = "Pods-VimApp.release.xcconfig"; path = "Pods/Target Support Files/Pods-VimApp/Pods-VimApp.release.xcconfig"; sourceTree = "<group>"; };
		63D9F76A5962487CAC76DA2E /* RCTMapboxGL.xcodeproj */ = {isa = PBXFileReference; explicitFileType = undefined; fileEncoding = 9; includeInIndex = 0; lastKnownFileType = "wrapper.pb-project"; name = RCTMapboxGL.xcodeproj; path = "../node_modules/react-native-mapbox-gl/ios/RCTMapboxGL.xcodeproj"; sourceTree = "<group>"; };
		79132203D6D6AD4E0F43368B /* libPods-VimApp.a */ = {isa = PBXFileReference; explicitFileType = archive.ar; includeInIndex = 0; path = "libPods-VimApp.a"; sourceTree = BUILT_PRODUCTS_DIR; };
		870321BF1CEF1BBC0016A3FD /* libFBSDKLoginKit.a */ = {isa = PBXFileReference; lastKnownFileType = archive.ar; name = libFBSDKLoginKit.a; path = "../../../../../Library/Developer/Xcode/DerivedData/VimApp-hlfzsmatoboaidbveynldnmamigl/Build/Products/Debug-iphonesimulator/FBSDKLoginKit/libFBSDKLoginKit.a"; sourceTree = "<group>"; };
		870321CF1CEF1D810016A3FD /* libFBSDKCoreKit.a */ = {isa = PBXFileReference; lastKnownFileType = archive.ar; name = libFBSDKCoreKit.a; path = "../../../../../Library/Developer/Xcode/DerivedData/VimApp-eqjdxljhqeikojgadbwgeqbpiaeo/Build/Products/Debug-iphonesimulator/FBSDKCoreKit/libFBSDKCoreKit.a"; sourceTree = "<group>"; };
		8726FC2D1CE8B1A500157D69 /* RCTMapboxGL.xcodeproj */ = {isa = PBXFileReference; lastKnownFileType = "wrapper.pb-project"; name = RCTMapboxGL.xcodeproj; path = "../node_modules/react-native-mapbox-gl/ios/RCTMapboxGL.xcodeproj"; sourceTree = "<group>"; };
		8726FC361CE8B1D900157D69 /* Mapbox.framework */ = {isa = PBXFileReference; lastKnownFileType = wrapper.framework; path = Mapbox.framework; sourceTree = "<group>"; };
		8761D0081D86DFF50059EB1C /* ReactNativeControllers.xcodeproj */ = {isa = PBXFileReference; lastKnownFileType = "wrapper.pb-project"; name = ReactNativeControllers.xcodeproj; path = "../node_modules/react-native-controllers/ios/ReactNativeControllers.xcodeproj"; sourceTree = "<group>"; };
		8E2EF3250AAD49FF8AE90FEA /* Ionicons.ttf */ = {isa = PBXFileReference; explicitFileType = undefined; fileEncoding = 9; includeInIndex = 0; lastKnownFileType = unknown; name = Ionicons.ttf; path = "../node_modules/react-native-vector-icons/Fonts/Ionicons.ttf"; sourceTree = "<group>"; };
		BA97E3A77AE842508473C4F0 /* Zocial.ttf */ = {isa = PBXFileReference; explicitFileType = undefined; fileEncoding = 9; includeInIndex = 0; lastKnownFileType = unknown; name = Zocial.ttf; path = "../node_modules/react-native-vector-icons/Fonts/Zocial.ttf"; sourceTree = "<group>"; };
		CB79E06D75E14EA4918E44F0 /* Octicons.ttf */ = {isa = PBXFileReference; explicitFileType = undefined; fileEncoding = 9; includeInIndex = 0; lastKnownFileType = unknown; name = Octicons.ttf; path = "../node_modules/react-native-vector-icons/Fonts/Octicons.ttf"; sourceTree = "<group>"; };
		D52562AC37144644945549A8 /* Pods-VimApp.debug.xcconfig */ = {isa = PBXFileReference; includeInIndex = 1; lastKnownFileType = text.xcconfig; name = "Pods-VimApp.debug.xcconfig"; path = "Pods/Target Support Files/Pods-VimApp/Pods-VimApp.debug.xcconfig"; sourceTree = "<group>"; };
		F326E7CBC3A14E108A064C87 /* FontAwesome.ttf */ = {isa = PBXFileReference; explicitFileType = undefined; fileEncoding = 9; includeInIndex = 0; lastKnownFileType = unknown; name = FontAwesome.ttf; path = "../node_modules/react-native-vector-icons/Fonts/FontAwesome.ttf"; sourceTree = "<group>"; };
		FB574E2D981E4F5C80EA64DD /* EvilIcons.ttf */ = {isa = PBXFileReference; explicitFileType = undefined; fileEncoding = 9; includeInIndex = 0; lastKnownFileType = unknown; name = EvilIcons.ttf; path = "../node_modules/react-native-vector-icons/Fonts/EvilIcons.ttf"; sourceTree = "<group>"; };
/* End PBXFileReference section */

/* Begin PBXFrameworksBuildPhase section */
		00E356EB1AD99517003FC87E /* Frameworks */ = {
			isa = PBXFrameworksBuildPhase;
			buildActionMask = 2147483647;
			files = (
			);
			runOnlyForDeploymentPostprocessing = 0;
		};
		13B07F8C1A680F5B00A75B9A /* Frameworks */ = {
			isa = PBXFrameworksBuildPhase;
			buildActionMask = 2147483647;
			files = (
				8761D0131D86E0410059EB1C /* libReactNativeControllers.a in Frameworks */,
				8726FC451CE8B30D00157D69 /* libRCTMapboxGL.a in Frameworks */,
				9A39A43962F22ED654DC6DB5 /* libPods-VimApp.a in Frameworks */,
				8726FC371CE8B1D900157D69 /* Mapbox.framework in Frameworks */,
				E75F9E9344A24A6A95251B71 /* libRCTMapboxGL.a in Frameworks */,
				F6357CE55EDA4D60A28BD618 /* libRNVectorIcons.a in Frameworks */,
			);
			runOnlyForDeploymentPostprocessing = 0;
		};
/* End PBXFrameworksBuildPhase section */

/* Begin PBXGroup section */
		00E356EF1AD99517003FC87E /* VimAppTests */ = {
			isa = PBXGroup;
			children = (
				00E356F21AD99517003FC87E /* VimAppTests.m */,
				00E356F01AD99517003FC87E /* Supporting Files */,
			);
			path = VimAppTests;
			sourceTree = "<group>";
		};
		00E356F01AD99517003FC87E /* Supporting Files */ = {
			isa = PBXGroup;
			children = (
				00E356F11AD99517003FC87E /* Info.plist */,
			);
			name = "Supporting Files";
			sourceTree = "<group>";
		};
		13B07FAE1A68108700A75B9A /* VimApp */ = {
			isa = PBXGroup;
			children = (
				8726FC2D1CE8B1A500157D69 /* RCTMapboxGL.xcodeproj */,
				008F07F21AC5B25A0029DE68 /* main.jsbundle */,
				13B07FAF1A68108700A75B9A /* AppDelegate.h */,
				13B07FB01A68108700A75B9A /* AppDelegate.m */,
				13B07FB51A68108700A75B9A /* Images.xcassets */,
				13B07FB61A68108700A75B9A /* Info.plist */,
				13B07FB11A68108700A75B9A /* LaunchScreen.xib */,
				13B07FB71A68108700A75B9A /* main.m */,
			);
			name = VimApp;
			sourceTree = "<group>";
		};
		4FBA31794DAE43B980815EA3 /* Resources */ = {
			isa = PBXGroup;
			children = (
				1F0C5507919644A2A9B6BD46 /* Entypo.ttf */,
				FB574E2D981E4F5C80EA64DD /* EvilIcons.ttf */,
				F326E7CBC3A14E108A064C87 /* FontAwesome.ttf */,
				1781985C79904630ABF2E38A /* Foundation.ttf */,
				8E2EF3250AAD49FF8AE90FEA /* Ionicons.ttf */,
				09F5620E55324D628794ED0E /* MaterialIcons.ttf */,
				CB79E06D75E14EA4918E44F0 /* Octicons.ttf */,
				BA97E3A77AE842508473C4F0 /* Zocial.ttf */,
			);
			name = Resources;
			sourceTree = "<group>";
		};
		6FBCBC77F93EE8B4217209D8 /* Frameworks */ = {
			isa = PBXGroup;
			children = (
				870321CF1CEF1D810016A3FD /* libFBSDKCoreKit.a */,
				870321BF1CEF1BBC0016A3FD /* libFBSDKLoginKit.a */,
				79132203D6D6AD4E0F43368B /* libPods-VimApp.a */,
			);
			name = Frameworks;
			sourceTree = "<group>";
		};
		832341AE1AAA6A7D00B99B32 /* Libraries */ = {
			isa = PBXGroup;
			children = (
				8761D0081D86DFF50059EB1C /* ReactNativeControllers.xcodeproj */,
				63D9F76A5962487CAC76DA2E /* RCTMapboxGL.xcodeproj */,
				43222A8D797744D9AE10D21A /* RNVectorIcons.xcodeproj */,
			);
			name = Libraries;
			sourceTree = "<group>";
		};
		83CBB9F61A601CBA00E9B192 = {
			isa = PBXGroup;
			children = (
				8726FC361CE8B1D900157D69 /* Mapbox.framework */,
				13B07FAE1A68108700A75B9A /* VimApp */,
				832341AE1AAA6A7D00B99B32 /* Libraries */,
				00E356EF1AD99517003FC87E /* VimAppTests */,
				83CBBA001A601CBA00E9B192 /* Products */,
				F9F26E2C15D349A8F29E3B0A /* Pods */,
				6FBCBC77F93EE8B4217209D8 /* Frameworks */,
				4FBA31794DAE43B980815EA3 /* Resources */,
			);
			indentWidth = 2;
			sourceTree = "<group>";
			tabWidth = 2;
		};
		83CBBA001A601CBA00E9B192 /* Products */ = {
			isa = PBXGroup;
			children = (
				13B07F961A680F5B00A75B9A /* VimApp.app */,
				00E356EE1AD99517003FC87E /* VimAppTests.xctest */,
			);
			name = Products;
			sourceTree = "<group>";
		};
		870321A71CEF1AAC0016A3FD /* Products */ = {
			isa = PBXGroup;
			children = (
				870321BA1CEF1AAC0016A3FD /* libRNVectorIcons.a */,
			);
			name = Products;
			sourceTree = "<group>";
		};
		870321A91CEF1AAC0016A3FD /* Products */ = {
			isa = PBXGroup;
			children = (
				870321B51CEF1AAC0016A3FD /* libRCTMapboxGL.a */,
				870321B71CEF1AAC0016A3FD /* RCTMapboxGLTests.xctest */,
			);
			name = Products;
			sourceTree = "<group>";
		};
		8726FC2E1CE8B1A500157D69 /* Products */ = {
			isa = PBXGroup;
			children = (
				8726FC331CE8B1A600157D69 /* libRCTMapboxGL.a */,
				8726FC351CE8B1A600157D69 /* RCTMapboxGLTests.xctest */,
			);
			name = Products;
			sourceTree = "<group>";
		};
		8761D0091D86DFF50059EB1C /* Products */ = {
			isa = PBXGroup;
			children = (
				8761D0111D86DFF50059EB1C /* libReactNativeControllers.a */,
			);
			name = Products;
			sourceTree = "<group>";
		};
		F9F26E2C15D349A8F29E3B0A /* Pods */ = {
			isa = PBXGroup;
			children = (
				D52562AC37144644945549A8 /* Pods-VimApp.debug.xcconfig */,
				574D5851D222DA2A1B4D6F0B /* Pods-VimApp.release.xcconfig */,
			);
			name = Pods;
			sourceTree = "<group>";
		};
/* End PBXGroup section */

/* Begin PBXNativeTarget section */
		00E356ED1AD99517003FC87E /* VimAppTests */ = {
			isa = PBXNativeTarget;
			buildConfigurationList = 00E357021AD99517003FC87E /* Build configuration list for PBXNativeTarget "VimAppTests" */;
			buildPhases = (
				00E356EA1AD99517003FC87E /* Sources */,
				00E356EB1AD99517003FC87E /* Frameworks */,
				00E356EC1AD99517003FC87E /* Resources */,
			);
			buildRules = (
			);
			dependencies = (
				00E356F51AD99517003FC87E /* PBXTargetDependency */,
			);
			name = VimAppTests;
			productName = VimAppTests;
			productReference = 00E356EE1AD99517003FC87E /* VimAppTests.xctest */;
			productType = "com.apple.product-type.bundle.unit-test";
		};
		13B07F861A680F5B00A75B9A /* VimApp */ = {
			isa = PBXNativeTarget;
			buildConfigurationList = 13B07F931A680F5B00A75B9A /* Build configuration list for PBXNativeTarget "VimApp" */;
			buildPhases = (
				BF4B2C17E2E8B0DE8A3721AE /* [CP] Check Pods Manifest.lock */,
				13B07F871A680F5B00A75B9A /* Sources */,
				13B07F8C1A680F5B00A75B9A /* Frameworks */,
				13B07F8E1A680F5B00A75B9A /* Resources */,
				00DD1BFF1BD5951E006B06BC /* Bundle React Native code and images */,
				8E8CF1EE98FEAC0A0268B03D /* [CP] Embed Pods Frameworks */,
				D511CAF6FBD2FD731F6EA296 /* [CP] Copy Pods Resources */,
				8726FC391CE8B1DA00157D69 /* Embed Frameworks */,
				8726FC3A1CE8B1E600157D69 /* ShellScript */,
			);
			buildRules = (
			);
			dependencies = (
			);
			name = VimApp;
			productName = "Hello World";
			productReference = 13B07F961A680F5B00A75B9A /* VimApp.app */;
			productType = "com.apple.product-type.application";
		};
/* End PBXNativeTarget section */

/* Begin PBXProject section */
		83CBB9F71A601CBA00E9B192 /* Project object */ = {
			isa = PBXProject;
			attributes = {
				LastUpgradeCheck = 730;
				ORGANIZATIONNAME = Facebook;
				TargetAttributes = {
					00E356ED1AD99517003FC87E = {
						CreatedOnToolsVersion = 6.2;
						TestTargetID = 13B07F861A680F5B00A75B9A;
					};
					13B07F861A680F5B00A75B9A = {
						DevelopmentTeam = 77FDP29TA7;
					};
				};
			};
			buildConfigurationList = 83CBB9FA1A601CBA00E9B192 /* Build configuration list for PBXProject "VimApp" */;
			compatibilityVersion = "Xcode 3.2";
			developmentRegion = English;
			hasScannedForEncodings = 0;
			knownRegions = (
				en,
				Base,
			);
			mainGroup = 83CBB9F61A601CBA00E9B192;
			productRefGroup = 83CBBA001A601CBA00E9B192 /* Products */;
			projectDirPath = "";
			projectReferences = (
				{
					ProductGroup = 8726FC2E1CE8B1A500157D69 /* Products */;
					ProjectRef = 8726FC2D1CE8B1A500157D69 /* RCTMapboxGL.xcodeproj */;
				},
				{
					ProductGroup = 870321A91CEF1AAC0016A3FD /* Products */;
					ProjectRef = 63D9F76A5962487CAC76DA2E /* RCTMapboxGL.xcodeproj */;
				},
				{
					ProductGroup = 8761D0091D86DFF50059EB1C /* Products */;
					ProjectRef = 8761D0081D86DFF50059EB1C /* ReactNativeControllers.xcodeproj */;
				},
				{
					ProductGroup = 870321A71CEF1AAC0016A3FD /* Products */;
					ProjectRef = 43222A8D797744D9AE10D21A /* RNVectorIcons.xcodeproj */;
				},
			);
			projectRoot = "";
			targets = (
				13B07F861A680F5B00A75B9A /* VimApp */,
				00E356ED1AD99517003FC87E /* VimAppTests */,
			);
		};
/* End PBXProject section */

/* Begin PBXReferenceProxy section */
		870321B51CEF1AAC0016A3FD /* libRCTMapboxGL.a */ = {
			isa = PBXReferenceProxy;
			fileType = archive.ar;
			path = libRCTMapboxGL.a;
			remoteRef = 870321B41CEF1AAC0016A3FD /* PBXContainerItemProxy */;
			sourceTree = BUILT_PRODUCTS_DIR;
		};
		870321B71CEF1AAC0016A3FD /* RCTMapboxGLTests.xctest */ = {
			isa = PBXReferenceProxy;
			fileType = wrapper.cfbundle;
			path = RCTMapboxGLTests.xctest;
			remoteRef = 870321B61CEF1AAC0016A3FD /* PBXContainerItemProxy */;
			sourceTree = BUILT_PRODUCTS_DIR;
		};
		870321BA1CEF1AAC0016A3FD /* libRNVectorIcons.a */ = {
			isa = PBXReferenceProxy;
			fileType = archive.ar;
			path = libRNVectorIcons.a;
			remoteRef = 870321B91CEF1AAC0016A3FD /* PBXContainerItemProxy */;
			sourceTree = BUILT_PRODUCTS_DIR;
		};
		8726FC331CE8B1A600157D69 /* libRCTMapboxGL.a */ = {
			isa = PBXReferenceProxy;
			fileType = archive.ar;
			path = libRCTMapboxGL.a;
			remoteRef = 8726FC321CE8B1A600157D69 /* PBXContainerItemProxy */;
			sourceTree = BUILT_PRODUCTS_DIR;
		};
		8726FC351CE8B1A600157D69 /* RCTMapboxGLTests.xctest */ = {
			isa = PBXReferenceProxy;
			fileType = wrapper.cfbundle;
			path = RCTMapboxGLTests.xctest;
			remoteRef = 8726FC341CE8B1A600157D69 /* PBXContainerItemProxy */;
			sourceTree = BUILT_PRODUCTS_DIR;
		};
		8761D0111D86DFF50059EB1C /* libReactNativeControllers.a */ = {
			isa = PBXReferenceProxy;
			fileType = archive.ar;
			path = libReactNativeControllers.a;
			remoteRef = 8761D0101D86DFF50059EB1C /* PBXContainerItemProxy */;
			sourceTree = BUILT_PRODUCTS_DIR;
		};
/* End PBXReferenceProxy section */

/* Begin PBXResourcesBuildPhase section */
		00E356EC1AD99517003FC87E /* Resources */ = {
			isa = PBXResourcesBuildPhase;
			buildActionMask = 2147483647;
			files = (
			);
			runOnlyForDeploymentPostprocessing = 0;
		};
		13B07F8E1A680F5B00A75B9A /* Resources */ = {
			isa = PBXResourcesBuildPhase;
			buildActionMask = 2147483647;
			files = (
				13B07FBF1A68108700A75B9A /* Images.xcassets in Resources */,
				13B07FBD1A68108700A75B9A /* LaunchScreen.xib in Resources */,
				487305EA578545338503D175 /* Entypo.ttf in Resources */,
				1A8D8F6B5F1B44399632CBD2 /* EvilIcons.ttf in Resources */,
				55FB2166261F4204B5DC1512 /* FontAwesome.ttf in Resources */,
				0970FF985A2948E699CB7240 /* Foundation.ttf in Resources */,
				EE91C3E2688E499E8DFFC3F6 /* Ionicons.ttf in Resources */,
				17C448B2F0734A7D87CC3550 /* MaterialIcons.ttf in Resources */,
				A13A17927E23400C90E59736 /* Octicons.ttf in Resources */,
				55A39E1C96B1409A8B516FEF /* Zocial.ttf in Resources */,
			);
			runOnlyForDeploymentPostprocessing = 0;
		};
/* End PBXResourcesBuildPhase section */

/* Begin PBXShellScriptBuildPhase section */
		00DD1BFF1BD5951E006B06BC /* Bundle React Native code and images */ = {
			isa = PBXShellScriptBuildPhase;
			buildActionMask = 2147483647;
			files = (
			);
			inputPaths = (
			);
			name = "Bundle React Native code and images";
			outputPaths = (
			);
			runOnlyForDeploymentPostprocessing = 0;
			shellPath = /bin/sh;
			shellScript = "export NODE_BINARY=node\n../node_modules/react-native/packager/react-native-xcode.sh";
		};
		8726FC3A1CE8B1E600157D69 /* ShellScript */ = {
			isa = PBXShellScriptBuildPhase;
			buildActionMask = 2147483647;
			files = (
			);
			inputPaths = (
			);
			outputPaths = (
			);
			runOnlyForDeploymentPostprocessing = 0;
			shellPath = /bin/sh;
			shellScript = "bash \"${BUILT_PRODUCTS_DIR}/${FRAMEWORKS_FOLDER_PATH}/Mapbox.framework/strip-frameworks.sh\"";
		};
		8E8CF1EE98FEAC0A0268B03D /* [CP] Embed Pods Frameworks */ = {
			isa = PBXShellScriptBuildPhase;
			buildActionMask = 2147483647;
			files = (
			);
			inputPaths = (
			);
			name = "[CP] Embed Pods Frameworks";
			outputPaths = (
			);
			runOnlyForDeploymentPostprocessing = 0;
			shellPath = /bin/sh;
			shellScript = "\"${SRCROOT}/Pods/Target Support Files/Pods-VimApp/Pods-VimApp-frameworks.sh\"\n";
			showEnvVarsInLog = 0;
		};
		BF4B2C17E2E8B0DE8A3721AE /* [CP] Check Pods Manifest.lock */ = {
			isa = PBXShellScriptBuildPhase;
			buildActionMask = 2147483647;
			files = (
			);
			inputPaths = (
			);
			name = "[CP] Check Pods Manifest.lock";
			outputPaths = (
			);
			runOnlyForDeploymentPostprocessing = 0;
			shellPath = /bin/sh;
			shellScript = "diff \"${PODS_ROOT}/../Podfile.lock\" \"${PODS_ROOT}/Manifest.lock\" > /dev/null\nif [[ $? != 0 ]] ; then\n    cat << EOM\nerror: The sandbox is not in sync with the Podfile.lock. Run 'pod install' or update your CocoaPods installation.\nEOM\n    exit 1\nfi\n";
			showEnvVarsInLog = 0;
		};
		D511CAF6FBD2FD731F6EA296 /* [CP] Copy Pods Resources */ = {
			isa = PBXShellScriptBuildPhase;
			buildActionMask = 2147483647;
			files = (
			);
			inputPaths = (
			);
			name = "[CP] Copy Pods Resources";
			outputPaths = (
			);
			runOnlyForDeploymentPostprocessing = 0;
			shellPath = /bin/sh;
			shellScript = "\"${SRCROOT}/Pods/Target Support Files/Pods-VimApp/Pods-VimApp-resources.sh\"\n";
			showEnvVarsInLog = 0;
		};
/* End PBXShellScriptBuildPhase section */

/* Begin PBXSourcesBuildPhase section */
		00E356EA1AD99517003FC87E /* Sources */ = {
			isa = PBXSourcesBuildPhase;
			buildActionMask = 2147483647;
			files = (
				00E356F31AD99517003FC87E /* VimAppTests.m in Sources */,
			);
			runOnlyForDeploymentPostprocessing = 0;
		};
		13B07F871A680F5B00A75B9A /* Sources */ = {
			isa = PBXSourcesBuildPhase;
			buildActionMask = 2147483647;
			files = (
				13B07FBC1A68108700A75B9A /* AppDelegate.m in Sources */,
				13B07FC11A68108700A75B9A /* main.m in Sources */,
			);
			runOnlyForDeploymentPostprocessing = 0;
		};
/* End PBXSourcesBuildPhase section */

/* Begin PBXTargetDependency section */
		00E356F51AD99517003FC87E /* PBXTargetDependency */ = {
			isa = PBXTargetDependency;
			target = 13B07F861A680F5B00A75B9A /* VimApp */;
			targetProxy = 00E356F41AD99517003FC87E /* PBXContainerItemProxy */;
		};
/* End PBXTargetDependency section */

/* Begin PBXVariantGroup section */
		13B07FB11A68108700A75B9A /* LaunchScreen.xib */ = {
			isa = PBXVariantGroup;
			children = (
				13B07FB21A68108700A75B9A /* Base */,
			);
			name = LaunchScreen.xib;
			path = VimApp;
			sourceTree = "<group>";
		};
/* End PBXVariantGroup section */

/* Begin XCBuildConfiguration section */
		00E356F61AD99517003FC87E /* Debug */ = {
			isa = XCBuildConfiguration;
			buildSettings = {
				BUNDLE_LOADER = "$(TEST_HOST)";
				FRAMEWORK_SEARCH_PATHS = (
					"$(SDKROOT)/Developer/Library/Frameworks",
					"$(inherited)",
				);
				GCC_PREPROCESSOR_DEFINITIONS = (
					"DEBUG=1",
					"$(inherited)",
				);
				INFOPLIST_FILE = VimAppTests/Info.plist;
				IPHONEOS_DEPLOYMENT_TARGET = 8.2;
				LD_RUNPATH_SEARCH_PATHS = "$(inherited) @executable_path/Frameworks @loader_path/Frameworks";
				LIBRARY_SEARCH_PATHS = (
					"$(inherited)",
					"\"$(SRCROOT)/$(TARGET_NAME)\"",
					"\"$(SRCROOT)/$(TARGET_NAME)\"",
					"\"$(SRCROOT)/$(TARGET_NAME)\"",
				);
				PRODUCT_BUNDLE_IDENTIFIER = "org.reactjs.native.example.$(PRODUCT_NAME:rfc1034identifier)";
				PRODUCT_NAME = "$(TARGET_NAME)";
				TEST_HOST = "$(BUILT_PRODUCTS_DIR)/VimApp.app/VimApp";
			};
			name = Debug;
		};
		00E356F71AD99517003FC87E /* Release */ = {
			isa = XCBuildConfiguration;
			buildSettings = {
				BUNDLE_LOADER = "$(TEST_HOST)";
				COPY_PHASE_STRIP = NO;
				FRAMEWORK_SEARCH_PATHS = (
					"$(SDKROOT)/Developer/Library/Frameworks",
					"$(inherited)",
				);
				INFOPLIST_FILE = VimAppTests/Info.plist;
				IPHONEOS_DEPLOYMENT_TARGET = 8.2;
				LD_RUNPATH_SEARCH_PATHS = "$(inherited) @executable_path/Frameworks @loader_path/Frameworks";
				LIBRARY_SEARCH_PATHS = (
					"$(inherited)",
					"\"$(SRCROOT)/$(TARGET_NAME)\"",
					"\"$(SRCROOT)/$(TARGET_NAME)\"",
					"\"$(SRCROOT)/$(TARGET_NAME)\"",
				);
				PRODUCT_BUNDLE_IDENTIFIER = "org.reactjs.native.example.$(PRODUCT_NAME:rfc1034identifier)";
				PRODUCT_NAME = "$(TARGET_NAME)";
				TEST_HOST = "$(BUILT_PRODUCTS_DIR)/VimApp.app/VimApp";
			};
			name = Release;
		};
		13B07F941A680F5B00A75B9A /* Debug */ = {
			isa = XCBuildConfiguration;
			baseConfigurationReference = D52562AC37144644945549A8 /* Pods-VimApp.debug.xcconfig */;
			buildSettings = {
				ASSETCATALOG_COMPILER_APPICON_NAME = AppIcon;
				CLANG_ALLOW_NON_MODULAR_INCLUDES_IN_FRAMEWORK_MODULES = YES;
				CODE_SIGN_IDENTITY = "iPhone Developer";
				"CODE_SIGN_IDENTITY[sdk=iphoneos*]" = "iPhone Developer";
				DEAD_CODE_STRIPPING = NO;
				FRAMEWORK_SEARCH_PATHS = (
					"$(inherited)",
					"$(PROJECT_DIR)",
				);
				HEADER_SEARCH_PATHS = (
					"$(inherited)",
					/Applications/Xcode.app/Contents/Developer/Toolchains/XcodeDefault.xctoolchain/usr/include,
					"$(SRCROOT)/../node_modules/react-native/React/**",
					"$(SRCROOT)/../node_modules/react-native-fbsdklogin/iOS",
					"$(SRCROOT)/../node_modules/react-native-mapbox-gl/ios/RCTMapboxGL/**",
					"$(SRCROOT)/../node_modules/react-native-vector-icons/RNVectorIconsManager",
					"$(SRCROOT)/../node_modules/react-native-controllers/ios/**",
				);
				INFOPLIST_FILE = VimApp/Info.plist;
				IPHONEOS_DEPLOYMENT_TARGET = 8.0;
				LD_RUNPATH_SEARCH_PATHS = "$(inherited) @executable_path/Frameworks";
				PRODUCT_BUNDLE_IDENTIFIER = VimAppTest;
				PRODUCT_NAME = VimApp;
				PROVISIONING_PROFILE = "";
			};
			name = Debug;
		};
		13B07F951A680F5B00A75B9A /* Release */ = {
			isa = XCBuildConfiguration;
			baseConfigurationReference = 574D5851D222DA2A1B4D6F0B /* Pods-VimApp.release.xcconfig */;
			buildSettings = {
				ASSETCATALOG_COMPILER_APPICON_NAME = AppIcon;
				CLANG_ALLOW_NON_MODULAR_INCLUDES_IN_FRAMEWORK_MODULES = YES;
				CODE_SIGN_IDENTITY = "iPhone Developer";
				"CODE_SIGN_IDENTITY[sdk=iphoneos*]" = "iPhone Developer";
				FRAMEWORK_SEARCH_PATHS = (
					"$(inherited)",
					"$(PROJECT_DIR)",
				);
				HEADER_SEARCH_PATHS = (
					"$(inherited)",
					/Applications/Xcode.app/Contents/Developer/Toolchains/XcodeDefault.xctoolchain/usr/include,
					"$(SRCROOT)/../node_modules/react-native/React/**",
					"$(SRCROOT)/../node_modules/react-native-fbsdklogin/iOS",
					"$(SRCROOT)/../node_modules/react-native-mapbox-gl/ios/RCTMapboxGL/**",
					"$(SRCROOT)/../node_modules/react-native-vector-icons/RNVectorIconsManager",
					"$(SRCROOT)/../node_modules/react-native-controllers/ios/**",
				);
				INFOPLIST_FILE = VimApp/Info.plist;
				IPHONEOS_DEPLOYMENT_TARGET = 8.0;
				LD_RUNPATH_SEARCH_PATHS = "$(inherited) @executable_path/Frameworks";
				PRODUCT_BUNDLE_IDENTIFIER = VimAppTest;
				PRODUCT_NAME = VimApp;
				PROVISIONING_PROFILE = "";
			};
			name = Release;
		};
		83CBBA201A601CBA00E9B192 /* Debug */ = {
			isa = XCBuildConfiguration;
			buildSettings = {
				ALWAYS_SEARCH_USER_PATHS = NO;
				CLANG_CXX_LANGUAGE_STANDARD = "gnu++0x";
				CLANG_CXX_LIBRARY = "libc++";
				CLANG_ENABLE_MODULES = YES;
				CLANG_ENABLE_OBJC_ARC = YES;
				CLANG_WARN_BOOL_CONVERSION = YES;
				CLANG_WARN_CONSTANT_CONVERSION = YES;
				CLANG_WARN_DIRECT_OBJC_ISA_USAGE = YES_ERROR;
				CLANG_WARN_EMPTY_BODY = YES;
				CLANG_WARN_ENUM_CONVERSION = YES;
				CLANG_WARN_INT_CONVERSION = YES;
				CLANG_WARN_OBJC_ROOT_CLASS = YES_ERROR;
				CLANG_WARN_UNREACHABLE_CODE = YES;
				CLANG_WARN__DUPLICATE_METHOD_MATCH = YES;
				"CODE_SIGN_IDENTITY[sdk=iphoneos*]" = "iPhone Developer";
				COPY_PHASE_STRIP = NO;
				ENABLE_STRICT_OBJC_MSGSEND = YES;
				ENABLE_TESTABILITY = YES;
				GCC_C_LANGUAGE_STANDARD = gnu99;
				GCC_DYNAMIC_NO_PIC = NO;
				GCC_OPTIMIZATION_LEVEL = 0;
				GCC_PREPROCESSOR_DEFINITIONS = (
					"DEBUG=1",
					"$(inherited)",
				);
				GCC_SYMBOLS_PRIVATE_EXTERN = NO;
				GCC_WARN_64_TO_32_BIT_CONVERSION = YES;
				GCC_WARN_ABOUT_RETURN_TYPE = YES_ERROR;
				GCC_WARN_UNDECLARED_SELECTOR = YES;
				GCC_WARN_UNINITIALIZED_AUTOS = YES_AGGRESSIVE;
				GCC_WARN_UNUSED_FUNCTION = YES;
				GCC_WARN_UNUSED_VARIABLE = YES;
				HEADER_SEARCH_PATHS = (
					"$(inherited)",
					/Applications/Xcode.app/Contents/Developer/Toolchains/XcodeDefault.xctoolchain/usr/include,
					"$(SRCROOT)/../node_modules/react-native/React/**",
					"$(SRCROOT)/../node_modules/react-native-fbsdklogin/iOS",
					"$(SRCROOT)/../node_modules/react-native-mapbox-gl/ios/RCTMapboxGL/**",
					"$(SRCROOT)/../node_modules/react-native-vector-icons/RNVectorIconsManager",
				);
				IPHONEOS_DEPLOYMENT_TARGET = 8.0;
				MTL_ENABLE_DEBUG_INFO = YES;
				ONLY_ACTIVE_ARCH = YES;
				SDKROOT = iphoneos;
			};
			name = Debug;
		};
		83CBBA211A601CBA00E9B192 /* Release */ = {
			isa = XCBuildConfiguration;
			buildSettings = {
				ALWAYS_SEARCH_USER_PATHS = NO;
				CLANG_CXX_LANGUAGE_STANDARD = "gnu++0x";
				CLANG_CXX_LIBRARY = "libc++";
				CLANG_ENABLE_MODULES = YES;
				CLANG_ENABLE_OBJC_ARC = YES;
				CLANG_WARN_BOOL_CONVERSION = YES;
				CLANG_WARN_CONSTANT_CONVERSION = YES;
				CLANG_WARN_DIRECT_OBJC_ISA_USAGE = YES_ERROR;
				CLANG_WARN_EMPTY_BODY = YES;
				CLANG_WARN_ENUM_CONVERSION = YES;
				CLANG_WARN_INT_CONVERSION = YES;
				CLANG_WARN_OBJC_ROOT_CLASS = YES_ERROR;
				CLANG_WARN_UNREACHABLE_CODE = YES;
				CLANG_WARN__DUPLICATE_METHOD_MATCH = YES;
				"CODE_SIGN_IDENTITY[sdk=iphoneos*]" = "iPhone Developer";
				COPY_PHASE_STRIP = YES;
				ENABLE_NS_ASSERTIONS = NO;
				ENABLE_STRICT_OBJC_MSGSEND = YES;
				GCC_C_LANGUAGE_STANDARD = gnu99;
				GCC_WARN_64_TO_32_BIT_CONVERSION = YES;
				GCC_WARN_ABOUT_RETURN_TYPE = YES_ERROR;
				GCC_WARN_UNDECLARED_SELECTOR = YES;
				GCC_WARN_UNINITIALIZED_AUTOS = YES_AGGRESSIVE;
				GCC_WARN_UNUSED_FUNCTION = YES;
				GCC_WARN_UNUSED_VARIABLE = YES;
				HEADER_SEARCH_PATHS = (
					"$(inherited)",
					/Applications/Xcode.app/Contents/Developer/Toolchains/XcodeDefault.xctoolchain/usr/include,
					"$(SRCROOT)/../node_modules/react-native/React/**",
					"$(SRCROOT)/../node_modules/react-native-fbsdklogin/iOS",
					"$(SRCROOT)/../node_modules/react-native-mapbox-gl/ios/RCTMapboxGL/**",
					"$(SRCROOT)/../node_modules/react-native-vector-icons/RNVectorIconsManager",
				);
				IPHONEOS_DEPLOYMENT_TARGET = 8.0;
				MTL_ENABLE_DEBUG_INFO = NO;
				SDKROOT = iphoneos;
				VALIDATE_PRODUCT = YES;
			};
			name = Release;
		};
/* End XCBuildConfiguration section */

/* Begin XCConfigurationList section */
		00E357021AD99517003FC87E /* Build configuration list for PBXNativeTarget "VimAppTests" */ = {
			isa = XCConfigurationList;
			buildConfigurations = (
				00E356F61AD99517003FC87E /* Debug */,
				00E356F71AD99517003FC87E /* Release */,
			);
			defaultConfigurationIsVisible = 0;
			defaultConfigurationName = Release;
		};
		13B07F931A680F5B00A75B9A /* Build configuration list for PBXNativeTarget "VimApp" */ = {
			isa = XCConfigurationList;
			buildConfigurations = (
				13B07F941A680F5B00A75B9A /* Debug */,
				13B07F951A680F5B00A75B9A /* Release */,
			);
			defaultConfigurationIsVisible = 0;
			defaultConfigurationName = Release;
		};
		83CBB9FA1A601CBA00E9B192 /* Build configuration list for PBXProject "VimApp" */ = {
			isa = XCConfigurationList;
			buildConfigurations = (
				83CBBA201A601CBA00E9B192 /* Debug */,
				83CBBA211A601CBA00E9B192 /* Release */,
			);
			defaultConfigurationIsVisible = 0;
			defaultConfigurationName = Release;
		};
/* End XCConfigurationList section */
	};
	rootObject = 83CBB9F71A601CBA00E9B192 /* Project object */;
}
